
Microsoft Visual Studio Solution File, Format Version 12.00
# Visual Studio Version 17
VisualStudioVersion = 17.0.31903.59
MinimumVisualStudioVersion = 10.0.40219.1
Project("{FAE04EC0-301F-11D3-BF4B-00C04F79EFBC}") = "DimonSmart.HashX", "DimonSmart.HashX\DimonSmart.HashX.csproj", "{442A3C6C-B05B-4D50-BDCC-FC166165660E}"
EndProject
Project("{FAE04EC0-301F-11D3-BF4B-00C04F79EFBC}") = "DimonSmart.HashXTests", "DimonSmart.HashXTests\DimonSmart.HashXTests.csproj", "{6613950E-CDAE-4CC1-A725-01FE9E03A354}"
EndProject
Global
	GlobalSection(SolutionConfigurationPlatforms) = preSolution
		Debug|Any CPU = Debug|Any CPU
		Release|Any CPU = Release|Any CPU
	EndGlobalSection
	GlobalSection(SolutionProperties) = preSolution
		HideSolutionNode = FALSE
	EndGlobalSection
	GlobalSection(ProjectConfigurationPlatforms) = postSolution
		{442A3C6C-B05B-4D50-BDCC-FC166165660E}.Debug|Any CPU.ActiveCfg = Debug|Any CPU
		{442A3C6C-B05B-4D50-BDCC-FC166165660E}.Debug|Any CPU.Build.0 = Debug|Any CPU
		{442A3C6C-B05B-4D50-BDCC-FC166165660E}.Release|Any CPU.ActiveCfg = Release|Any CPU
		{442A3C6C-B05B-4D50-BDCC-FC166165660E}.Release|Any CPU.Build.0 = Release|Any CPU
		{6613950E-CDAE-4CC1-A725-01FE9E03A354}.Debug|Any CPU.ActiveCfg = Debug|Any CPU
		{6613950E-CDAE-4CC1-A725-01FE9E03A354}.Debug|Any CPU.Build.0 = Debug|Any CPU
		{6613950E-CDAE-4CC1-A725-01FE9E03A354}.Release|Any CPU.ActiveCfg = Release|Any CPU
		{6613950E-CDAE-4CC1-A725-01FE9E03A354}.Release|Any CPU.Build.0 = Release|Any CPU
	EndGlobalSection
EndGlobal
